# This file is automatically @generated by Poetry 1.8.3 and should not be changed by hand.

[[package]]
name = "test_module"
version = "0.1.0"
description = ""
optional = false
python-versions = ">=3.8"
files = [
    {file = "test_module-0.1.0-cp312-cp312-manylinux_2_34_x86_64.whl", hash = "sha256:694396e49ca6e4db7e2f3f4fedeea0844002b0cbef56804cff82980b052649de"},
]

[package.source]
type = "file"
url = "modules/test_module/target/wheels/test_module-0.1.0-cp312-cp312-manylinux_2_34_x86_64.whl"

[metadata]
lock-version = "2.0"
python-versions = "^3.12"
content-hash = "4c937a89d233f84ebfef2275ead8ffdecee22fa733550c8a494feba012951d01"
