# This file is automatically @generated by Poetry 1.8.3 and should not be changed by hand.

[[package]]
name = "mpmath"
version = "1.3.0"
description = "Python library for arbitrary-precision floating-point arithmetic"
optional = false
python-versions = "*"
files = [
    {file = "mpmath-1.3.0-py3-none-any.whl", hash = "sha256:a0b2b9fe80bbcd81a6647ff13108738cfb482d481d826cc0e02f5b35e5c88d2c"},
    {file = "mpmath-1.3.0.tar.gz", hash = "sha256:7a28eb2a9774d00c7bc92411c19a89209d5da7c4c9a9e227be8330a23a25b91f"},
]

[package.extras]
develop = ["codecov", "pycodestyle", "pytest (>=4.6)", "pytest-cov", "wheel"]
docs = ["sphinx"]
gmpy = ["gmpy2 (>=2.1.0a4)"]
tests = ["pytest (>=4.6)"]

[[package]]
name = "sympy"
version = "1.13.1"
description = "Computer algebra system (CAS) in Python"
optional = false
python-versions = ">=3.8"
files = [
    {file = "sympy-1.13.1-py3-none-any.whl", hash = "sha256:db36cdc64bf61b9b24578b6f7bab1ecdd2452cf008f34faa33776680c26d66f8"},
    {file = "sympy-1.13.1.tar.gz", hash = "sha256:9cebf7e04ff162015ce31c9c6c9144daa34a93bd082f54fd8f12deca4f47515f"},
]

[package.dependencies]
mpmath = ">=1.1.0,<1.4"

[package.extras]
dev = ["hypothesis (>=6.70.0)", "pytest (>=7.1.0)"]

[[package]]
name = "test_module"
version = "0.2.3"
description = ""
optional = false
python-versions = ">=3.8"
files = [
    {file = "test_module-0.2.3-cp312-cp312-manylinux_2_34_x86_64.whl", hash = "sha256:ddf9b9acb01525a02af5198e68d9f0ad5492f8d8dd510be394ae62df113834df"},
]

[package.source]
type = "file"
url = "modules/test_module/target/wheels/test_module-0.2.3-cp312-cp312-manylinux_2_34_x86_64.whl"

[metadata]
lock-version = "2.0"
python-versions = "^3.12"
content-hash = "b0359127d3dbf3231a21b98d78a0235dfa624852d3e3c509c640d54f22cd2612"
